
Microsoft Visual Studio Solution File, Format Version 12.00
# Visual Studio 14
VisualStudioVersion = 14.0.23107.0
MinimumVisualStudioVersion = 10.0.40219.1
Project("{8BC9CEB8-8B4A-11D0-8D11-00A0C91BC942}") = "LWinMain", "LApp\LApp.vcxproj", "{063FB054-9853-467F-A8F2-DED60CADA3F8}"
	ProjectSection(ProjectDependencies) = postProject
		{0AE4E1C3-5286-41B2-AB94-FD4B46FC26BB} = {0AE4E1C3-5286-41B2-AB94-FD4B46FC26BB}
		{1D14A3C7-A605-41F2-89A0-BD22F6046175} = {1D14A3C7-A605-41F2-89A0-BD22F6046175}
	EndProjectSection
EndProject
Project("{8BC9CEB8-8B4A-11D0-8D11-00A0C91BC942}") = "LEngine", "LEngine\LEngine.vcxproj", "{0AE4E1C3-5286-41B2-AB94-FD4B46FC26BB}"
EndProject
Project("{8BC9CEB8-8B4A-11D0-8D11-00A0C91BC942}") = "LGame", "LGame\LGame.vcxproj", "{1D14A3C7-A605-41F2-89A0-BD22F6046175}"
EndProject
Global
	GlobalSection(SolutionConfigurationPlatforms) = preSolution
		Debug|x64 = Debug|x64
		Debug|x86 = Debug|x86
		Release|x64 = Release|x64
		Release|x86 = Release|x86
	EndGlobalSection
	GlobalSection(ProjectConfigurationPlatforms) = postSolution
		{063FB054-9853-467F-A8F2-DED60CADA3F8}.Debug|x64.ActiveCfg = Debug|x64
		{063FB054-9853-467F-A8F2-DED60CADA3F8}.Debug|x64.Build.0 = Debug|x64
		{063FB054-9853-467F-A8F2-DED60CADA3F8}.Debug|x86.ActiveCfg = Debug|Win32
		{063FB054-9853-467F-A8F2-DED60CADA3F8}.Debug|x86.Build.0 = Debug|Win32
		{063FB054-9853-467F-A8F2-DED60CADA3F8}.Release|x64.ActiveCfg = Release|x64
		{063FB054-9853-467F-A8F2-DED60CADA3F8}.Release|x64.Build.0 = Release|x64
		{063FB054-9853-467F-A8F2-DED60CADA3F8}.Release|x86.ActiveCfg = Release|Win32
		{063FB054-9853-467F-A8F2-DED60CADA3F8}.Release|x86.Build.0 = Release|Win32
		{0AE4E1C3-5286-41B2-AB94-FD4B46FC26BB}.Debug|x64.ActiveCfg = Debug|x64
		{0AE4E1C3-5286-41B2-AB94-FD4B46FC26BB}.Debug|x64.Build.0 = Debug|x64
		{0AE4E1C3-5286-41B2-AB94-FD4B46FC26BB}.Debug|x86.ActiveCfg = Debug|Win32
		{0AE4E1C3-5286-41B2-AB94-FD4B46FC26BB}.Debug|x86.Build.0 = Debug|Win32
		{0AE4E1C3-5286-41B2-AB94-FD4B46FC26BB}.Release|x64.ActiveCfg = Release|x64
		{0AE4E1C3-5286-41B2-AB94-FD4B46FC26BB}.Release|x64.Build.0 = Release|x64
		{0AE4E1C3-5286-41B2-AB94-FD4B46FC26BB}.Release|x86.ActiveCfg = Release|Win32
		{0AE4E1C3-5286-41B2-AB94-FD4B46FC26BB}.Release|x86.Build.0 = Release|Win32
		{1D14A3C7-A605-41F2-89A0-BD22F6046175}.Debug|x64.ActiveCfg = Debug|x64
		{1D14A3C7-A605-41F2-89A0-BD22F6046175}.Debug|x64.Build.0 = Debug|x64
		{1D14A3C7-A605-41F2-89A0-BD22F6046175}.Debug|x86.ActiveCfg = Debug|Win32
		{1D14A3C7-A605-41F2-89A0-BD22F6046175}.Debug|x86.Build.0 = Debug|Win32
		{1D14A3C7-A605-41F2-89A0-BD22F6046175}.Release|x64.ActiveCfg = Release|x64
		{1D14A3C7-A605-41F2-89A0-BD22F6046175}.Release|x64.Build.0 = Release|x64
		{1D14A3C7-A605-41F2-89A0-BD22F6046175}.Release|x86.ActiveCfg = Release|Win32
		{1D14A3C7-A605-41F2-89A0-BD22F6046175}.Release|x86.Build.0 = Release|Win32
	EndGlobalSection
	GlobalSection(SolutionProperties) = preSolution
		HideSolutionNode = FALSE
	EndGlobalSection
EndGlobal
